
Microsoft Visual Studio Solution File, Format Version 12.00
# Visual Studio 15
VisualStudioVersion = 15.0.28010.2036
MinimumVisualStudioVersion = 10.0.40219.1
Project("{9A19103F-16F7-4668-BE54-9A1E7A4F7556}") = "Reco", "Reco\Reco.csproj", "{55124263-E546-4543-BB56-476D64CB9A30}"
EndProject
Project("{FAE04EC0-301F-11D3-BF4B-00C04F79EFBC}") = "RecoTest", "RecoTest\RecoTest.csproj", "{2E686914-FCBB-4570-8581-E7F65869E154}"
EndProject
Global
	GlobalSection(SolutionConfigurationPlatforms) = preSolution
		Debug|Any CPU = Debug|Any CPU
		Release|Any CPU = Release|Any CPU
	EndGlobalSection
	GlobalSection(ProjectConfigurationPlatforms) = postSolution
		{55124263-E546-4543-BB56-476D64CB9A30}.Debug|Any CPU.ActiveCfg = Debug|Any CPU
		{55124263-E546-4543-BB56-476D64CB9A30}.Debug|Any CPU.Build.0 = Debug|Any CPU
		{55124263-E546-4543-BB56-476D64CB9A30}.Release|Any CPU.ActiveCfg = Release|Any CPU
		{55124263-E546-4543-BB56-476D64CB9A30}.Release|Any CPU.Build.0 = Release|Any CPU
		{2E686914-FCBB-4570-8581-E7F65869E154}.Debug|Any CPU.ActiveCfg = Debug|Any CPU
		{2E686914-FCBB-4570-8581-E7F65869E154}.Debug|Any CPU.Build.0 = Debug|Any CPU
		{2E686914-FCBB-4570-8581-E7F65869E154}.Release|Any CPU.ActiveCfg = Release|Any CPU
		{2E686914-FCBB-4570-8581-E7F65869E154}.Release|Any CPU.Build.0 = Release|Any CPU
	EndGlobalSection
	GlobalSection(SolutionProperties) = preSolution
		HideSolutionNode = FALSE
	EndGlobalSection
	GlobalSection(ExtensibilityGlobals) = postSolution
		SolutionGuid = {2C7AFC5E-8B23-41F8-9266-A824A7CBDD95}
	EndGlobalSection
EndGlobal
